{
  "projects": [
    {
      "projectId": "seaQhLVS4bbjiGvJJrRwyL",
      "version": "15.0.3",
      "dependencies": {},
      "lang": "js",
      "fileLocks": [
        {
          "assetId": "seaQhLVS4bbjiGvJJrRwyL",
          "type": "projectCss",
          "checksum": "26794d6f8d5173a48bf20eb6ded6dfc6"
        }
      ]
    },
    {
      "projectId": "eetRVbLy8gp7SoVBTaw9Ti",
      "version": "latest",
      "dependencies": {
        "seaQhLVS4bbjiGvJJrRwyL": "15.0.3"
      },
      "lang": "js",
      "fileLocks": [
        {
          "type": "globalVariant",
          "assetId": "CSW71UGhxUHg",
          "checksum": "467b7b1f672b17516459d31ac1f0a2ac"
        },
        {
          "assetId": "eetRVbLy8gp7SoVBTaw9Ti",
          "type": "projectCss",
          "checksum": "c1df9329adca716d76b4d402524cfc7d"
        },
        {
          "type": "renderModule",
          "assetId": "5O0QXTXkg3T",
          "checksum": "94a6627f9713f46dcfcee5962feebd7c"
        },
        {
          "type": "cssRules",
          "assetId": "5O0QXTXkg3T",
          "checksum": "94a6627f9713f46dcfcee5962feebd7c"
        },
        {
          "type": "renderModule",
          "assetId": "DCbVgJMF2s3",
          "checksum": "d0bc3b9b702e46c86cf4a0905e45ad1d"
        },
        {
          "type": "cssRules",
          "assetId": "DCbVgJMF2s3",
          "checksum": "d0bc3b9b702e46c86cf4a0905e45ad1d"
        },
        {
          "type": "renderModule",
          "assetId": "FoSHlSKaK_5",
          "checksum": "971413cd34222198b35a346c27b3be7a"
        },
        {
          "type": "cssRules",
          "assetId": "FoSHlSKaK_5",
          "checksum": "971413cd34222198b35a346c27b3be7a"
        },
        {
          "type": "renderModule",
          "assetId": "7H-u0N_tYUf",
          "checksum": "645540f5e1482140e90075c2af894fd0"
        },
        {
          "type": "cssRules",
          "assetId": "7H-u0N_tYUf",
          "checksum": "645540f5e1482140e90075c2af894fd0"
        },
        {
          "type": "renderModule",
          "assetId": "DLx69AOkXu3Q",
          "checksum": "e1c7bfcdad2de67134e7edf30c243538"
        },
        {
          "type": "cssRules",
          "assetId": "DLx69AOkXu3Q",
          "checksum": "e1c7bfcdad2de67134e7edf30c243538"
        },
        {
          "type": "renderModule",
          "assetId": "z79hjkikzT8x",
          "checksum": "43370518bbf0e115ad9ec65be1dfe484"
        },
        {
          "type": "cssRules",
          "assetId": "z79hjkikzT8x",
          "checksum": "43370518bbf0e115ad9ec65be1dfe484"
        },
        {
          "type": "renderModule",
          "assetId": "zsIpI9LvnDtY",
          "checksum": "83df4b90e228f2d464ec064a3ab5992c"
        },
        {
          "type": "cssRules",
          "assetId": "zsIpI9LvnDtY",
          "checksum": "83df4b90e228f2d464ec064a3ab5992c"
        },
        {
          "type": "renderModule",
          "assetId": "Z8OAY1CwyEiE",
          "checksum": "bae4ab4b09cb9c79ff8aa5e54879735b"
        },
        {
          "type": "cssRules",
          "assetId": "Z8OAY1CwyEiE",
          "checksum": "bae4ab4b09cb9c79ff8aa5e54879735b"
        },
        {
          "type": "renderModule",
          "assetId": "XzmLEFuAeCIB",
          "checksum": "bdb0c6457f50cc84d12563b3ad4116a4"
        },
        {
          "type": "cssRules",
          "assetId": "XzmLEFuAeCIB",
          "checksum": "bdb0c6457f50cc84d12563b3ad4116a4"
        },
        {
          "type": "renderModule",
          "assetId": "33vX5qOZnwG2",
          "checksum": "cbf6e5d1b28057a863c337059bbf2410"
        },
        {
          "type": "cssRules",
          "assetId": "33vX5qOZnwG2",
          "checksum": "cbf6e5d1b28057a863c337059bbf2410"
        },
        {
          "type": "renderModule",
          "assetId": "sJAucJnH9brm",
          "checksum": "41c2623251256e58a674d18cd1e55ec8"
        },
        {
          "type": "cssRules",
          "assetId": "sJAucJnH9brm",
          "checksum": "41c2623251256e58a674d18cd1e55ec8"
        },
        {
          "type": "icon",
          "assetId": "EIPRgEHVfzwb",
          "checksum": "8da221b62e802cf6022bc386ca90f056"
        },
        {
          "type": "icon",
          "assetId": "g3fvinH6OrJN",
          "checksum": "a6e6c765f4b46f3a7135d3daaf701159"
        },
        {
          "type": "icon",
          "assetId": "D8ik-_5Zn8E0",
          "checksum": "5a86d7a61d64d0bcf52fb2cf2bfef6b7"
        },
        {
          "type": "icon",
          "assetId": "up-O_tecPqnu",
          "checksum": "4827997349d9ddee3b5eb39f1622e4ce"
        },
        {
          "type": "icon",
          "assetId": "kkEsqYXsIIG0",
          "checksum": "62ab827deb9fdcfb9d2b371d2b6d9b8f"
        },
        {
          "type": "icon",
          "assetId": "wcf2dH0Q4EHK",
          "checksum": "33ec0ebb795a7c816fdaff28487a1a8a"
        },
        {
          "type": "icon",
          "assetId": "y6q_zzm8Pavy",
          "checksum": "076f410df3a995f33c3c74340cb9f954"
        },
        {
          "type": "icon",
          "assetId": "uXxqONJBLajM",
          "checksum": "e9e44663c704f5526226c2f67c3a490b"
        },
        {
          "type": "icon",
          "assetId": "VoFNrJEcsaSR",
          "checksum": "07b8e7f93c60e49bb450fed3e05a0abb"
        },
        {
          "type": "icon",
          "assetId": "fNEXE-ejkGHg",
          "checksum": "c058a818b7db725456f9725bbb676c8c"
        },
        {
          "type": "icon",
          "assetId": "Iq5JsXU0YTHQ",
          "checksum": "fc23fa5c79927e8d5207ae602f71254a"
        },
        {
          "type": "icon",
          "assetId": "0O8FQ-ZANMo1",
          "checksum": "c5505c8c5caa68b6fd23ea3f9efc973b"
        },
        {
          "type": "icon",
          "assetId": "VyIngv8mxeG-",
          "checksum": "b7b392c23dc3863cb5809bb674d8ceef"
        },
        {
          "type": "icon",
          "assetId": "Q7NL3vFwTv9i",
          "checksum": "696d4790a25bdad905e7efe7e28a2124"
        },
        {
          "type": "icon",
          "assetId": "WqL2casa758o",
          "checksum": "3ea55042f5a2ab703ce65ac3efa83217"
        },
        {
          "type": "icon",
          "assetId": "3ARh9zp0R4dn",
          "checksum": "09f800bab843d0cbf490e174c96c096c"
        },
        {
          "type": "icon",
          "assetId": "8kP4_slEpY1K",
          "checksum": "3f93504b1cf4e437ae66fdfd5bade63e"
        },
        {
          "type": "image",
          "assetId": "jnp__e_zTTnu",
          "checksum": "8dad5ed2c7181c3a0858c7272a8207d5"
        },
        {
          "type": "image",
          "assetId": "cA_2hWhiao1J",
          "checksum": "9600639de59fbc4366967f5518f6309e"
        },
        {
          "type": "image",
          "assetId": "fzrFZJ5temPP",
          "checksum": "88c836833f125db5faebcbb91f1097eb"
        },
        {
          "type": "image",
          "assetId": "OtqlQ2qETyjA",
          "checksum": "70949aa031d0bf23344f936525f748c9"
        },
        {
          "type": "image",
          "assetId": "sPVuzFeDPaPb",
          "checksum": "372e55787e998418c3f8a913c3267b42"
        },
        {
          "type": "image",
          "assetId": "QVuxrbaLvJJV",
          "checksum": "066f11b82ab0f334857a4f3bd93b9297"
        },
        {
          "type": "image",
          "assetId": "bVRmTdrghx5s",
          "checksum": "5953a8c3dc8dd7b2d0fb363812604fcb"
        },
        {
          "type": "image",
          "assetId": "GPMSZVauYShI",
          "checksum": "1ee9ece4d265223944d374ad1165e54a"
        },
        {
          "type": "image",
          "assetId": "pqVquAGNJxlb",
          "checksum": "86d81b88523af0b1db3883bb7d346107"
        },
        {
          "type": "image",
          "assetId": "Gb98degUBf4o",
          "checksum": "52bc0eea309856c5488f11e4014b7217"
        },
        {
          "type": "image",
          "assetId": "DuBU4KJ-7dVC",
          "checksum": "7d5024eebfa579c581730bd0c76983fb"
        },
        {
          "type": "image",
          "assetId": "f7O2VOH3HfWs",
          "checksum": "f39c52eb1b6dc4d086ffc0080c25a2ac"
        },
        {
          "type": "image",
          "assetId": "gU6ilR-111Ow",
          "checksum": "66beda380e95cbfc7e78db716f2ab510"
        },
        {
          "type": "image",
          "assetId": "r5_MfzC5crrY",
          "checksum": "b91962517acc5dccf094aadee80006a6"
        },
        {
          "type": "image",
          "assetId": "kN8mweDMtBmW",
          "checksum": "da88e21da7894827ad387823bc3f4514"
        },
        {
          "type": "image",
          "assetId": "Bxh37FDKpPTm",
          "checksum": "7641c5d170e5d12c86ea12d4f8484be4"
        },
        {
          "type": "image",
          "assetId": "xkPIukgU8Fo4",
          "checksum": "3146b1b81eba7593e990273fa9b4c62c"
        },
        {
          "type": "image",
          "assetId": "eKRtwt2bvVP2",
          "checksum": "3cb35a04be36e40cfac6d273285225b3"
        },
        {
          "type": "image",
          "assetId": "h8yJibFXOcsK",
          "checksum": "8d395f98372bc19724b23109018fab6d"
        },
        {
          "type": "image",
          "assetId": "Xt6upydKDP_I",
          "checksum": "5e749558307f0021adb0cc87ab1e5b07"
        },
        {
          "type": "image",
          "assetId": "ZOCpHItG7Oh2",
          "checksum": "c9785ea0e78e79896d512e7e9a8fcb5b"
        },
        {
          "type": "image",
          "assetId": "36JroAR2UwRE",
          "checksum": "7b43e7a054d8251e4596aa7342a646d1"
        },
        {
          "type": "image",
          "assetId": "BjK9ONQWRzP7",
          "checksum": "53967b3793dca66af3963ee586f4790a"
        },
        {
          "type": "image",
          "assetId": "ijiUtT9poNhv",
          "checksum": "c05e07a2427fa40bba06beab21314160"
        },
        {
          "type": "image",
          "assetId": "nLbmzU9o5IdX",
          "checksum": "4f81459c86dc77633a442725a2393b7e"
        }
      ]
    }
  ],
  "cliVersion": "0.1.166"
}
